
Microsoft Visual Studio Solution File, Format Version 12.00
# Visual Studio Version 16
VisualStudioVersion = 16.0.29209.152
MinimumVisualStudioVersion = 10.0.40219.1
Project("{151D2E53-A2C4-4D7D-83FE-D05416EBD58E}") = "SimpleAzureAppService", "SimpleAzureAppService\SimpleAzureAppService.deployproj", "{C655640D-6477-445A-A42A-4919E84386A6}"
EndProject
Global
	GlobalSection(SolutionConfigurationPlatforms) = preSolution
		Debug|Any CPU = Debug|Any CPU
		Release|Any CPU = Release|Any CPU
	EndGlobalSection
	GlobalSection(ProjectConfigurationPlatforms) = postSolution
		{C655640D-6477-445A-A42A-4919E84386A6}.Debug|Any CPU.ActiveCfg = Debug|Any CPU
		{C655640D-6477-445A-A42A-4919E84386A6}.Debug|Any CPU.Build.0 = Debug|Any CPU
		{C655640D-6477-445A-A42A-4919E84386A6}.Release|Any CPU.ActiveCfg = Release|Any CPU
		{C655640D-6477-445A-A42A-4919E84386A6}.Release|Any CPU.Build.0 = Release|Any CPU
	EndGlobalSection
	GlobalSection(SolutionProperties) = preSolution
		HideSolutionNode = FALSE
	EndGlobalSection
	GlobalSection(ExtensibilityGlobals) = postSolution
		SolutionGuid = {2EF69122-8CF6-4F7B-805F-5DE50F71FC66}
	EndGlobalSection
EndGlobal
